{
  "originHash" : "33ff6e8cfa26eefc6b5b1d6d2b1db5f767005a6e6471cf6b7be9ed3291fe4386",
  "pins" : [
    {
      "identity" : "adsglobalpackage",
      "kind" : "remoteSourceControl",
      "location" : "https://github.com/bytedance/AdsGlobalPackage",
      "state" : {
        "revision" : "ec1676fabc04b77ff4b97bf9d9bbf7e0553eb407",
        "version" : "7.6.0-release.6"
      }
    },
    {
      "identity" : "applovin-max-swift-package",
      "kind" : "remoteSourceControl",
      "location" : "https://github.com/AppLovin/AppLovin-MAX-Swift-Package",
      "state" : {
        "revision" : "b5acf713209298059bb2f09b22d84d523454bc7b",
        "version" : "13.5.1"
      }
    },
    {
      "identity" : "appmetrica-sdk-ios",
      "kind" : "remoteSourceControl",
      "location" : "https://github.com/appmetrica/appmetrica-sdk-ios",
      "state" : {
        "revision" : "0ef47447ea9de9ce4bd78e10d3c6da6219446cb2",
        "version" : "5.14.0"
      }
    },
    {
      "identity" : "cas-ios",
      "kind" : "remoteSourceControl",
      "location" : "https://github.com/cleveradssolutions/CAS-iOS.git",
      "state" : {
        "revision" : "76bb0a19ee5e75cdec45e3894a9342bdcf68bfb6",
        "version" : "4.5.5"
      }
    },
    {
      "identity" : "divkit-ios",
      "kind" : "remoteSourceControl",
      "location" : "https://github.com/divkit/divkit-ios.git",
      "state" : {
        "revision" : "2803a369f94a12340adedc681e86fdcbb72d23bd",
        "version" : "32.32.0"
      }
    },
    {
      "identity" : "divkit-ios-facade",
      "kind" : "remoteSourceControl",
      "location" : "https://github.com/divkit/divkit-ios-facade",
      "state" : {
        "revision" : "d182cd0059edad6dcfced522ae05b7cfff742c24",
        "version" : "5.2.2"
      }
    },
    {
      "identity" : "kidoz-sdk-swift-package",
      "kind" : "remoteSourceControl",
      "location" : "https://github.com/Kidoz-SDK/kidoz-sdk-swift-package",
      "state" : {
        "revision" : "a6351d0fc75ead386203bed1c78c2fb3f7346ffb",
        "version" : "10.1.3"
      }
    },
    {
      "identity" : "kscrash",
      "kind" : "remoteSourceControl",
      "location" : "https://github.com/kstenerud/KSCrash",
      "state" : {
        "revision" : "c0177658fc771ae833b6d3b8f5f3f5a14d59ec03",
        "version" : "2.1.2"
      }
    },
    {
      "identity" : "mintegraladsdk-swift-package",
      "kind" : "remoteSourceControl",
      "location" : "https://github.com/Mintegral-official/MintegralAdSDK-Swift-Package",
      "state" : {
        "revision" : "af6d2c5d136ecf7d9761799e98c91b26bd8ce072",
        "version" : "8.0.4"
      }
    },
    {
      "identity" : "openwrapsdk-swift-package",
      "kind" : "remoteSourceControl",
      "location" : "https://github.com/PubMatic/OpenWrapSDK-Swift-Package",
      "state" : {
        "revision" : "a7afe235c0578462c22c201391028762a0d35996",
        "version" : "4.10.0"
      }
    },
    {
      "identity" : "prado-sdk-swift-package",
      "kind" : "remoteSourceControl",
      "location" : "https://github.com/Prado-SDK/prado-sdk-swift-package",
      "state" : {
        "revision" : "9938b481ddd9242378c9eba1c6531a1b187e81e7",
        "version" : "10.1.3"
      }
    },
    {
      "identity" : "startappsdk-swiftpackage",
      "kind" : "remoteSourceControl",
      "location" : "https://github.com/StartApp-SDK/StartAppSDK-SwiftPackage",
      "state" : {
        "revision" : "50bc1dc239f2bf024581d4d9d709407a226f5d1d",
        "version" : "4.11.0"
      }
    },
    {
      "identity" : "swift-cmark",
      "kind" : "remoteSourceControl",
      "location" : "https://github.com/swiftlang/swift-cmark.git",
      "state" : {
        "revision" : "5d9bdaa4228b381639fff09403e39a04926e2dbe",
        "version" : "0.7.1"
      }
    },
    {
      "identity" : "swift-markdown",
      "kind" : "remoteSourceControl",
      "location" : "https://github.com/apple/swift-markdown.git",
      "state" : {
        "revision" : "ea79e83c8744d2b50b0dc2d5bbd1e857e1253bf9",
        "version" : "0.6.0"
      }
    },
    {
      "identity" : "swift-package-manager-google-mobile-ads",
      "kind" : "remoteSourceControl",
      "location" : "https://github.com/googleads/swift-package-manager-google-mobile-ads",
      "state" : {
        "revision" : "1239c23464503053c17d37ee5daa70de3455e9c8",
        "version" : "12.14.0"
      }
    },
    {
      "identity" : "swift-package-manager-google-user-messaging-platform",
      "kind" : "remoteSourceControl",
      "location" : "https://github.com/googleads/swift-package-manager-google-user-messaging-platform.git",
      "state" : {
        "revision" : "13b248eaa73b7826f0efb1bcf455e251d65ecb1b",
        "version" : "3.1.0"
      }
    },
    {
      "identity" : "vgsl",
      "kind" : "remoteSourceControl",
      "location" : "https://github.com/yandex/vgsl.git",
      "state" : {
        "revision" : "dfc9acbd222ad691ddf605889c5e39da8c45cccd",
        "version" : "7.16.0"
      }
    },
    {
      "identity" : "vungleadssdk-swiftpackagemanager",
      "kind" : "remoteSourceControl",
      "location" : "https://github.com/Vungle/VungleAdsSDK-SwiftPackageManager",
      "state" : {
        "revision" : "ee4f0cb9244298a9d5dbadd29c9fd5798d49ee71",
        "version" : "7.6.3"
      }
    }
  ],
  "version" : 3
}
